// !$*UTF8*$!
{
	archiveVersion = 1;
	classes = {
	};
	objectVersion = 56;
	objects = {

/* Begin PBXBuildFile section */
		A1000001 /* ChromaCatchLocationControlApp.swift in Sources */ = {isa = PBXBuildFile; fileRef = A2000001 /* ChromaCatchLocationControlApp.swift */; };
		A1000002 /* ContentView.swift in Sources */ = {isa = PBXBuildFile; fileRef = A2000002 /* ContentView.swift */; };
		A1000003 /* AppCoordinator.swift in Sources */ = {isa = PBXBuildFile; fileRef = A2000003 /* AppCoordinator.swift */; };
		A1000004 /* BLEManager.swift in Sources */ = {isa = PBXBuildFile; fileRef = A2000004 /* BLEManager.swift */; };
		A1000005 /* EAManager.swift in Sources */ = {isa = PBXBuildFile; fileRef = A2000005 /* EAManager.swift */; };
		A1000006 /* WebSocketManager.swift in Sources */ = {isa = PBXBuildFile; fileRef = A2000006 /* WebSocketManager.swift */; };
A1000008 /* NMEAGenerator.swift in Sources */ = {isa = PBXBuildFile; fileRef = A2000008 /* NMEAGenerator.swift */; };
		A1000009 /* DongleController.swift in Sources */ = {isa = PBXBuildFile; fileRef = A2000009 /* DongleController.swift */; };
		A100000A /* Messages.swift in Sources */ = {isa = PBXBuildFile; fileRef = A200000A /* Messages.swift */; };
		A1000007 /* LocationMonitor.swift in Sources */ = {isa = PBXBuildFile; fileRef = A2000007 /* LocationMonitor.swift */; };
		C1000001 /* PacketTunnelProvider.swift in Sources */ = {isa = PBXBuildFile; fileRef = C2000001 /* PacketTunnelProvider.swift */; };
		C1000002 /* DNSFilterManager.swift in Sources */ = {isa = PBXBuildFile; fileRef = C2000004 /* DNSFilterManager.swift */; };
		A100000C /* LocationKeepAlive.swift in Sources */ = {isa = PBXBuildFile; fileRef = A200000E /* LocationKeepAlive.swift */; };
		C1000003 /* ChromaCatchDNS.appex in Embed Foundation Extensions */ = {isa = PBXBuildFile; fileRef = C3000001 /* ChromaCatchDNS.appex */; settings = {ATTRIBUTES = (RemoveHeadersOnCopy, ); }; };
		D1000002 /* CardView.swift in Sources */ = {isa = PBXBuildFile; fileRef = D2000002 /* CardView.swift */; };
		D1000003 /* DongleScannerSheet.swift in Sources */ = {isa = PBXBuildFile; fileRef = D2000003 /* DongleScannerSheet.swift */; };
		D1000004 /* LogView.swift in Sources */ = {isa = PBXBuildFile; fileRef = D2000004 /* LogView.swift */; };
		D1000008 /* SpoofTab.swift in Sources */ = {isa = PBXBuildFile; fileRef = D2000008 /* SpoofTab.swift */; };
		D1000009 /* SettingsTab.swift in Sources */ = {isa = PBXBuildFile; fileRef = D2000009 /* SettingsTab.swift */; };
/* End PBXBuildFile section */

/* Begin PBXContainerItemProxy section */
		C9000001 /* PBXContainerItemProxy */ = {
			isa = PBXContainerItemProxy;
			containerPortal = A9000001 /* Project object */;
			proxyType = 1;
			remoteGlobalIDString = C6000001;
			remoteInfo = ChromaCatchDNS;
		};
/* End PBXContainerItemProxy section */

/* Begin PBXCopyFilesBuildPhase section */
		BA000001 /* Embed Foundation Extensions */ = {
			isa = PBXCopyFilesBuildPhase;
			buildActionMask = 2147483647;
			dstPath = "";
			dstSubfolderSpec = 13;
			files = (
				C1000003 /* ChromaCatchDNS.appex in Embed Foundation Extensions */,
			);
			name = "Embed Foundation Extensions";
			runOnlyForDeploymentPostprocessing = 0;
		};
/* End PBXCopyFilesBuildPhase section */

/* Begin PBXFileReference section */
		A2000001 /* ChromaCatchLocationControlApp.swift */ = {isa = PBXFileReference; lastKnownFileType = sourcecode.swift; path = ChromaCatchLocationControlApp.swift; sourceTree = "<group>"; };
		A2000002 /* ContentView.swift */ = {isa = PBXFileReference; lastKnownFileType = sourcecode.swift; path = ContentView.swift; sourceTree = "<group>"; };
		A2000003 /* AppCoordinator.swift */ = {isa = PBXFileReference; lastKnownFileType = sourcecode.swift; path = AppCoordinator.swift; sourceTree = "<group>"; };
		A2000004 /* BLEManager.swift */ = {isa = PBXFileReference; lastKnownFileType = sourcecode.swift; path = BLEManager.swift; sourceTree = "<group>"; };
		A2000005 /* EAManager.swift */ = {isa = PBXFileReference; lastKnownFileType = sourcecode.swift; path = EAManager.swift; sourceTree = "<group>"; };
		A2000006 /* WebSocketManager.swift */ = {isa = PBXFileReference; lastKnownFileType = sourcecode.swift; path = WebSocketManager.swift; sourceTree = "<group>"; };
		A2000007 /* LocationMonitor.swift */ = {isa = PBXFileReference; lastKnownFileType = sourcecode.swift; path = LocationMonitor.swift; sourceTree = "<group>"; };
A2000008 /* NMEAGenerator.swift */ = {isa = PBXFileReference; lastKnownFileType = sourcecode.swift; path = NMEAGenerator.swift; sourceTree = "<group>"; };
		A2000009 /* DongleController.swift */ = {isa = PBXFileReference; lastKnownFileType = sourcecode.swift; path = DongleController.swift; sourceTree = "<group>"; };
		A200000A /* Messages.swift */ = {isa = PBXFileReference; lastKnownFileType = sourcecode.swift; path = Messages.swift; sourceTree = "<group>"; };
		A200000B /* Info.plist */ = {isa = PBXFileReference; lastKnownFileType = text.plist.xml; path = Info.plist; sourceTree = "<group>"; };
		A200000D /* ChromaCatchLocationControl.entitlements */ = {isa = PBXFileReference; lastKnownFileType = text.plist.entitlements; path = ChromaCatchLocationControl.entitlements; sourceTree = "<group>"; };
		A200000E /* LocationKeepAlive.swift */ = {isa = PBXFileReference; lastKnownFileType = sourcecode.swift; path = LocationKeepAlive.swift; sourceTree = "<group>"; };
		A3000001 /* ChromaCatchLocationControl.app */ = {isa = PBXFileReference; explicitFileType = wrapper.application; includeInIndex = 0; path = ChromaCatchLocationControl.app; sourceTree = BUILT_PRODUCTS_DIR; };
		C2000001 /* PacketTunnelProvider.swift */ = {isa = PBXFileReference; lastKnownFileType = sourcecode.swift; path = PacketTunnelProvider.swift; sourceTree = "<group>"; };
		C2000002 /* Info.plist */ = {isa = PBXFileReference; lastKnownFileType = text.plist.xml; path = Info.plist; sourceTree = "<group>"; };
		C2000003 /* ChromaCatchDNS.entitlements */ = {isa = PBXFileReference; lastKnownFileType = text.plist.entitlements; path = ChromaCatchDNS.entitlements; sourceTree = "<group>"; };
		C2000004 /* DNSFilterManager.swift */ = {isa = PBXFileReference; lastKnownFileType = sourcecode.swift; path = DNSFilterManager.swift; sourceTree = "<group>"; };
		C3000001 /* ChromaCatchDNS.appex */ = {isa = PBXFileReference; explicitFileType = "wrapper.app-extension"; includeInIndex = 0; path = ChromaCatchDNS.appex; sourceTree = BUILT_PRODUCTS_DIR; };
		D2000002 /* CardView.swift */ = {isa = PBXFileReference; lastKnownFileType = sourcecode.swift; path = CardView.swift; sourceTree = "<group>"; };
		D2000003 /* DongleScannerSheet.swift */ = {isa = PBXFileReference; lastKnownFileType = sourcecode.swift; path = DongleScannerSheet.swift; sourceTree = "<group>"; };
		D2000004 /* LogView.swift */ = {isa = PBXFileReference; lastKnownFileType = sourcecode.swift; path = LogView.swift; sourceTree = "<group>"; };
		D2000008 /* SpoofTab.swift */ = {isa = PBXFileReference; lastKnownFileType = sourcecode.swift; path = SpoofTab.swift; sourceTree = "<group>"; };
		D2000009 /* SettingsTab.swift */ = {isa = PBXFileReference; lastKnownFileType = sourcecode.swift; path = SettingsTab.swift; sourceTree = "<group>"; };
/* End PBXFileReference section */

/* Begin PBXFrameworksBuildPhase section */
		A4000001 /* Frameworks */ = {
			isa = PBXFrameworksBuildPhase;
			buildActionMask = 2147483647;
			files = (
			);
			runOnlyForDeploymentPostprocessing = 0;
		};
		C4000001 /* Frameworks */ = {
			isa = PBXFrameworksBuildPhase;
			buildActionMask = 2147483647;
			files = (
			);
			runOnlyForDeploymentPostprocessing = 0;
		};
/* End PBXFrameworksBuildPhase section */

/* Begin PBXGroup section */
		A5000001 = {
			isa = PBXGroup;
			children = (
				A5000002 /* ChromaCatchLocationControl */,
				C5000001 /* ChromaCatchDNS */,
				A5000006 /* Products */,
			);
			sourceTree = "<group>";
		};
		A5000002 /* ChromaCatchLocationControl */ = {
			isa = PBXGroup;
			children = (
				A2000001 /* ChromaCatchLocationControlApp.swift */,
				A2000002 /* ContentView.swift */,
				A2000003 /* AppCoordinator.swift */,
				A200000B /* Info.plist */,
				A200000D /* ChromaCatchLocationControl.entitlements */,
				D5000001 /* Views */,
				A5000003 /* Managers */,
				A5000004 /* Dongle */,
				A5000005 /* Protocol */,
			);
			path = ChromaCatchLocationControl;
			sourceTree = "<group>";
		};
		A5000003 /* Managers */ = {
			isa = PBXGroup;
			children = (
				A2000004 /* BLEManager.swift */,
				A2000005 /* EAManager.swift */,
				A2000006 /* WebSocketManager.swift */,
				A2000007 /* LocationMonitor.swift */,
				A200000E /* LocationKeepAlive.swift */,
				C2000004 /* DNSFilterManager.swift */,
			);
			path = Managers;
			sourceTree = "<group>";
		};
		A5000004 /* Dongle */ = {
			isa = PBXGroup;
			children = (
				A2000008 /* NMEAGenerator.swift */,
				A2000009 /* DongleController.swift */,
			);
			path = Dongle;
			sourceTree = "<group>";
		};
		A5000005 /* Protocol */ = {
			isa = PBXGroup;
			children = (
				A200000A /* Messages.swift */,
			);
			path = Protocol;
			sourceTree = "<group>";
		};
		A5000006 /* Products */ = {
			isa = PBXGroup;
			children = (
				A3000001 /* ChromaCatchLocationControl.app */,
				C3000001 /* ChromaCatchDNS.appex */,
			);
			name = Products;
			sourceTree = "<group>";
		};
		C5000001 /* ChromaCatchDNS */ = {
			isa = PBXGroup;
			children = (
				C2000001 /* PacketTunnelProvider.swift */,
				C2000002 /* Info.plist */,
				C2000003 /* ChromaCatchDNS.entitlements */,
			);
			path = ChromaCatchDNS;
			sourceTree = "<group>";
		};
		D5000001 /* Views */ = {
			isa = PBXGroup;
			children = (
				D5000002 /* Tabs */,
				D5000003 /* Components */,
				D2000004 /* LogView.swift */,
			);
			path = Views;
			sourceTree = "<group>";
		};
		D5000002 /* Tabs */ = {
			isa = PBXGroup;
			children = (
				D2000008 /* SpoofTab.swift */,
				D2000009 /* SettingsTab.swift */,
			);
			path = Tabs;
			sourceTree = "<group>";
		};
		D5000003 /* Components */ = {
			isa = PBXGroup;
			children = (
				D2000002 /* CardView.swift */,
				D2000003 /* DongleScannerSheet.swift */,
			);
			path = Components;
			sourceTree = "<group>";
		};
/* End PBXGroup section */

/* Begin PBXNativeTarget section */
		A6000001 /* ChromaCatchLocationControl */ = {
			isa = PBXNativeTarget;
			buildConfigurationList = A8000001 /* Build configuration list for PBXNativeTarget "ChromaCatchLocationControl" */;
			buildPhases = (
				A7000001 /* Sources */,
				A4000001 /* Frameworks */,
				BA000001 /* Embed Foundation Extensions */,
			);
			buildRules = (
			);
			dependencies = (
				C8000001 /* PBXTargetDependency */,
			);
			name = ChromaCatchLocationControl;
			productName = ChromaCatchLocationControl;
			productReference = A3000001 /* ChromaCatchLocationControl.app */;
			productType = "com.apple.product-type.application";
		};
		C6000001 /* ChromaCatchDNS */ = {
			isa = PBXNativeTarget;
			buildConfigurationList = C8000003 /* Build configuration list for PBXNativeTarget "ChromaCatchDNS" */;
			buildPhases = (
				C7000001 /* Sources */,
				C4000001 /* Frameworks */,
			);
			buildRules = (
			);
			dependencies = (
			);
			name = ChromaCatchDNS;
			productName = ChromaCatchDNS;
			productReference = C3000001 /* ChromaCatchDNS.appex */;
			productType = "com.apple.product-type.app-extension";
		};
/* End PBXNativeTarget section */

/* Begin PBXProject section */
		A9000001 /* Project object */ = {
			isa = PBXProject;
			attributes = {
				BuildIndependentTargetsInParallel = 1;
				LastSwiftUpdateCheck = 1540;
				LastUpgradeCheck = 1540;
				TargetAttributes = {
					A6000001 = {
						CreatedOnToolsVersion = 15.4;
					};
					C6000001 = {
						CreatedOnToolsVersion = 15.4;
					};
				};
			};
			buildConfigurationList = A8000003 /* Build configuration list for PBXProject "ChromaCatchLocationControl" */;
			compatibilityVersion = "Xcode 14.0";
			developmentRegion = en;
			hasScannedForEncodings = 0;
			knownRegions = (
				en,
				Base,
			);
			mainGroup = A5000001;
			productRefGroup = A5000006 /* Products */;
			projectDirPath = "";
			projectRoot = "";
			targets = (
				A6000001 /* ChromaCatchLocationControl */,
				C6000001 /* ChromaCatchDNS */,
			);
		};
/* End PBXProject section */

/* Begin PBXSourcesBuildPhase section */
		A7000001 /* Sources */ = {
			isa = PBXSourcesBuildPhase;
			buildActionMask = 2147483647;
			files = (
				A1000001 /* ChromaCatchLocationControlApp.swift in Sources */,
				A1000002 /* ContentView.swift in Sources */,
				A1000003 /* AppCoordinator.swift in Sources */,
				A1000004 /* BLEManager.swift in Sources */,
				A1000005 /* EAManager.swift in Sources */,
				A1000006 /* WebSocketManager.swift in Sources */,
A1000008 /* NMEAGenerator.swift in Sources */,
				A1000009 /* DongleController.swift in Sources */,
				A100000A /* Messages.swift in Sources */,
				A1000007 /* LocationMonitor.swift in Sources */,
				A100000C /* LocationKeepAlive.swift in Sources */,
				C1000002 /* DNSFilterManager.swift in Sources */,
				D1000002 /* CardView.swift in Sources */,
				D1000003 /* DongleScannerSheet.swift in Sources */,
				D1000004 /* LogView.swift in Sources */,
				D1000008 /* SpoofTab.swift in Sources */,
				D1000009 /* SettingsTab.swift in Sources */,
			);
			runOnlyForDeploymentPostprocessing = 0;
		};
		C7000001 /* Sources */ = {
			isa = PBXSourcesBuildPhase;
			buildActionMask = 2147483647;
			files = (
				C1000001 /* PacketTunnelProvider.swift in Sources */,
			);
			runOnlyForDeploymentPostprocessing = 0;
		};
/* End PBXSourcesBuildPhase section */

/* Begin PBXTargetDependency section */
		C8000001 /* PBXTargetDependency */ = {
			isa = PBXTargetDependency;
			target = C6000001 /* ChromaCatchDNS */;
			targetProxy = C9000001 /* PBXContainerItemProxy */;
		};
/* End PBXTargetDependency section */

/* Begin XCBuildConfiguration section */
		AB000001 /* Debug */ = {
			isa = XCBuildConfiguration;
			buildSettings = {
				ALWAYS_EMBED_SWIFT_STANDARD_LIBRARIES = YES;
				ASSETCATALOG_COMPILER_APPICON_NAME = AppIcon;
				CODE_SIGN_ENTITLEMENTS = ChromaCatchLocationControl/ChromaCatchLocationControl.entitlements;
				CODE_SIGN_STYLE = Automatic;
				CURRENT_PROJECT_VERSION = 1;
				DEVELOPMENT_TEAM = Y7B2Z6ZKTX;
				GENERATE_INFOPLIST_FILE = NO;
				INFOPLIST_FILE = ChromaCatchLocationControl/Info.plist;
				INFOPLIST_KEY_CFBundleDisplayName = "ChromaCatchLocationControl";
				INFOPLIST_KEY_UIApplicationSceneManifest_Generation = YES;
				INFOPLIST_KEY_UIApplicationSupportsIndirectInputEvents = YES;
				INFOPLIST_KEY_UILaunchScreen_Generation = YES;
				INFOPLIST_KEY_UISupportedInterfaceOrientations = "UIInterfaceOrientationPortrait UIInterfaceOrientationLandscapeLeft UIInterfaceOrientationLandscapeRight";
				IPHONEOS_DEPLOYMENT_TARGET = 16.0;
				LD_RUNPATH_SEARCH_PATHS = (
					"$(inherited)",
					"@executable_path/Frameworks",
				);
				MARKETING_VERSION = 1.0;
				PRODUCT_BUNDLE_IDENTIFIER = com.chromacatch.locationcontrol;
				PRODUCT_NAME = "$(TARGET_NAME)";
				SWIFT_EMIT_LOC_STRINGS = YES;
				SWIFT_VERSION = 5.0;
				TARGETED_DEVICE_FAMILY = "1,2";
			};
			name = Debug;
		};
		AB000002 /* Release */ = {
			isa = XCBuildConfiguration;
			buildSettings = {
				ALWAYS_EMBED_SWIFT_STANDARD_LIBRARIES = YES;
				ASSETCATALOG_COMPILER_APPICON_NAME = AppIcon;
				CODE_SIGN_ENTITLEMENTS = ChromaCatchLocationControl/ChromaCatchLocationControl.entitlements;
				CODE_SIGN_STYLE = Automatic;
				CURRENT_PROJECT_VERSION = 1;
				DEVELOPMENT_TEAM = Y7B2Z6ZKTX;
				GENERATE_INFOPLIST_FILE = NO;
				INFOPLIST_FILE = ChromaCatchLocationControl/Info.plist;
				INFOPLIST_KEY_CFBundleDisplayName = "ChromaCatchLocationControl";
				INFOPLIST_KEY_UIApplicationSceneManifest_Generation = YES;
				INFOPLIST_KEY_UIApplicationSupportsIndirectInputEvents = YES;
				INFOPLIST_KEY_UILaunchScreen_Generation = YES;
				INFOPLIST_KEY_UISupportedInterfaceOrientations = "UIInterfaceOrientationPortrait UIInterfaceOrientationLandscapeLeft UIInterfaceOrientationLandscapeRight";
				IPHONEOS_DEPLOYMENT_TARGET = 16.0;
				LD_RUNPATH_SEARCH_PATHS = (
					"$(inherited)",
					"@executable_path/Frameworks",
				);
				MARKETING_VERSION = 1.0;
				PRODUCT_BUNDLE_IDENTIFIER = com.chromacatch.locationcontrol;
				PRODUCT_NAME = "$(TARGET_NAME)";
				SWIFT_EMIT_LOC_STRINGS = YES;
				SWIFT_VERSION = 5.0;
				TARGETED_DEVICE_FAMILY = "1,2";
			};
			name = Release;
		};
		AB000003 /* Debug */ = {
			isa = XCBuildConfiguration;
			buildSettings = {
				ALWAYS_SEARCH_USER_PATHS = NO;
				ASSETCATALOG_COMPILER_GENERATE_SWIFT_ASSET_SYMBOL_EXTENSIONS = YES;
				CLANG_ANALYZER_NONNULL = YES;
				CLANG_CXX_LANGUAGE_STANDARD = "gnu++20";
				CLANG_ENABLE_MODULES = YES;
				CLANG_ENABLE_OBJC_ARC = YES;
				COPY_PHASE_STRIP = NO;
				DEBUG_INFORMATION_FORMAT = dwarf;
				ENABLE_STRICT_OBJC_MSGSEND = YES;
				ENABLE_TESTABILITY = YES;
				GCC_DYNAMIC_NO_PIC = NO;
				GCC_OPTIMIZATION_LEVEL = 0;
				GCC_PREPROCESSOR_DEFINITIONS = (
					"DEBUG=1",
					"$(inherited)",
				);
				GCC_WARN_ABOUT_RETURN_TYPE = YES_ERROR;
				GCC_WARN_UNINITIALIZED_AUTOS = YES_AGGRESSIVE;
				MTL_ENABLE_DEBUG_INFO = INCLUDE_SOURCE;
				MTL_FAST_MATH = YES;
				ONLY_ACTIVE_ARCH = YES;
				SDKROOT = iphoneos;
				SWIFT_ACTIVE_COMPILATION_CONDITIONS = "$(inherited) DEBUG";
				SWIFT_OPTIMIZATION_LEVEL = "-Onone";
			};
			name = Debug;
		};
		AB000004 /* Release */ = {
			isa = XCBuildConfiguration;
			buildSettings = {
				ALWAYS_SEARCH_USER_PATHS = NO;
				ASSETCATALOG_COMPILER_GENERATE_SWIFT_ASSET_SYMBOL_EXTENSIONS = YES;
				CLANG_ANALYZER_NONNULL = YES;
				CLANG_CXX_LANGUAGE_STANDARD = "gnu++20";
				CLANG_ENABLE_MODULES = YES;
				CLANG_ENABLE_OBJC_ARC = YES;
				COPY_PHASE_STRIP = NO;
				DEBUG_INFORMATION_FORMAT = "dwarf-with-dsym";
				ENABLE_NS_ASSERTIONS = NO;
				ENABLE_STRICT_OBJC_MSGSEND = YES;
				GCC_WARN_ABOUT_RETURN_TYPE = YES_ERROR;
				GCC_WARN_UNINITIALIZED_AUTOS = YES_AGGRESSIVE;
				MTL_ENABLE_DEBUG_INFO = NO;
				MTL_FAST_MATH = YES;
				SDKROOT = iphoneos;
				SWIFT_COMPILATION_MODE = wholemodule;
				VALIDATE_PRODUCT = YES;
			};
			name = Release;
		};
		CB000001 /* Debug */ = {
			isa = XCBuildConfiguration;
			buildSettings = {
				CODE_SIGN_ENTITLEMENTS = ChromaCatchDNS/ChromaCatchDNS.entitlements;
				CODE_SIGN_STYLE = Automatic;
				CURRENT_PROJECT_VERSION = 1;
				DEVELOPMENT_TEAM = Y7B2Z6ZKTX;
				GENERATE_INFOPLIST_FILE = NO;
				INFOPLIST_FILE = ChromaCatchDNS/Info.plist;
				IPHONEOS_DEPLOYMENT_TARGET = 16.0;
				LD_RUNPATH_SEARCH_PATHS = (
					"$(inherited)",
					"@executable_path/Frameworks",
					"@executable_path/../../Frameworks",
				);
				MARKETING_VERSION = 1.0;
				PRODUCT_BUNDLE_IDENTIFIER = com.chromacatch.locationcontrol.dns;
				PRODUCT_NAME = "$(TARGET_NAME)";
				SKIP_INSTALL = YES;
				SWIFT_EMIT_LOC_STRINGS = YES;
				SWIFT_VERSION = 5.0;
				TARGETED_DEVICE_FAMILY = "1,2";
			};
			name = Debug;
		};
		CB000002 /* Release */ = {
			isa = XCBuildConfiguration;
			buildSettings = {
				CODE_SIGN_ENTITLEMENTS = ChromaCatchDNS/ChromaCatchDNS.entitlements;
				CODE_SIGN_STYLE = Automatic;
				CURRENT_PROJECT_VERSION = 1;
				DEVELOPMENT_TEAM = Y7B2Z6ZKTX;
				GENERATE_INFOPLIST_FILE = NO;
				INFOPLIST_FILE = ChromaCatchDNS/Info.plist;
				IPHONEOS_DEPLOYMENT_TARGET = 16.0;
				LD_RUNPATH_SEARCH_PATHS = (
					"$(inherited)",
					"@executable_path/Frameworks",
					"@executable_path/../../Frameworks",
				);
				MARKETING_VERSION = 1.0;
				PRODUCT_BUNDLE_IDENTIFIER = com.chromacatch.locationcontrol.dns;
				PRODUCT_NAME = "$(TARGET_NAME)";
				SKIP_INSTALL = YES;
				SWIFT_EMIT_LOC_STRINGS = YES;
				SWIFT_VERSION = 5.0;
				TARGETED_DEVICE_FAMILY = "1,2";
			};
			name = Release;
		};
/* End XCBuildConfiguration section */

/* Begin XCConfigurationList section */
		A8000001 /* Build configuration list for PBXNativeTarget "ChromaCatchLocationControl" */ = {
			isa = XCConfigurationList;
			buildConfigurations = (
				AB000001 /* Debug */,
				AB000002 /* Release */,
			);
			defaultConfigurationIsVisible = 0;
			defaultConfigurationName = Release;
		};
		A8000003 /* Build configuration list for PBXProject "ChromaCatchLocationControl" */ = {
			isa = XCConfigurationList;
			buildConfigurations = (
				AB000003 /* Debug */,
				AB000004 /* Release */,
			);
			defaultConfigurationIsVisible = 0;
			defaultConfigurationName = Release;
		};
		C8000003 /* Build configuration list for PBXNativeTarget "ChromaCatchDNS" */ = {
			isa = XCConfigurationList;
			buildConfigurations = (
				CB000001 /* Debug */,
				CB000002 /* Release */,
			);
			defaultConfigurationIsVisible = 0;
			defaultConfigurationName = Release;
		};
/* End XCConfigurationList section */
	};
	rootObject = A9000001 /* Project object */;
}
